
Microsoft Visual Studio Solution File, Format Version 12.00
# Visual Studio Version 17
VisualStudioVersion = 17.1.32228.430
MinimumVisualStudioVersion = 10.0.40219.1
Project("{FAE04EC0-301F-11D3-BF4B-00C04F79EFBC}") = "P40", "P40\P40.csproj", "{62FDEFA0-311E-4150-8A46-F53DAA9A7DDC}"
EndProject
Project("{FAE04EC0-301F-11D3-BF4B-00C04F79EFBC}") = "P41", "P41\P41.csproj", "{813B9655-D228-4BEF-A2C8-D9CA2436A8B6}"
EndProject
Project("{FAE04EC0-301F-11D3-BF4B-00C04F79EFBC}") = "P42", "P42\P42.csproj", "{F381B7C2-9B36-4D79-A41E-415074DF1777}"
EndProject
Project("{FAE04EC0-301F-11D3-BF4B-00C04F79EFBC}") = "P43", "P43\P43.csproj", "{E9202129-1E26-4A2B-9359-F83BAE02E911}"
EndProject
Project("{FAE04EC0-301F-11D3-BF4B-00C04F79EFBC}") = "P44", "P44\P44.csproj", "{A65BB143-9F74-47DA-9C52-C9DCF8B417E4}"
EndProject
Project("{FAE04EC0-301F-11D3-BF4B-00C04F79EFBC}") = "P45", "P45\P45.csproj", "{1331A9E0-8801-49C9-A517-175A567FD172}"
EndProject
Global
	GlobalSection(SolutionConfigurationPlatforms) = preSolution
		Debug|ARM = Debug|ARM
		Debug|ARM64 = Debug|ARM64
		Debug|x64 = Debug|x64
		Debug|x86 = Debug|x86
		Release|ARM = Release|ARM
		Release|ARM64 = Release|ARM64
		Release|x64 = Release|x64
		Release|x86 = Release|x86
	EndGlobalSection
	GlobalSection(ProjectConfigurationPlatforms) = postSolution
		{62FDEFA0-311E-4150-8A46-F53DAA9A7DDC}.Debug|ARM.ActiveCfg = Debug|ARM
		{62FDEFA0-311E-4150-8A46-F53DAA9A7DDC}.Debug|ARM.Build.0 = Debug|ARM
		{62FDEFA0-311E-4150-8A46-F53DAA9A7DDC}.Debug|ARM.Deploy.0 = Debug|ARM
		{62FDEFA0-311E-4150-8A46-F53DAA9A7DDC}.Debug|ARM64.ActiveCfg = Debug|ARM64
		{62FDEFA0-311E-4150-8A46-F53DAA9A7DDC}.Debug|ARM64.Build.0 = Debug|ARM64
		{62FDEFA0-311E-4150-8A46-F53DAA9A7DDC}.Debug|ARM64.Deploy.0 = Debug|ARM64
		{62FDEFA0-311E-4150-8A46-F53DAA9A7DDC}.Debug|x64.ActiveCfg = Debug|x64
		{62FDEFA0-311E-4150-8A46-F53DAA9A7DDC}.Debug|x64.Build.0 = Debug|x64
		{62FDEFA0-311E-4150-8A46-F53DAA9A7DDC}.Debug|x64.Deploy.0 = Debug|x64
		{62FDEFA0-311E-4150-8A46-F53DAA9A7DDC}.Debug|x86.ActiveCfg = Debug|x86
		{62FDEFA0-311E-4150-8A46-F53DAA9A7DDC}.Debug|x86.Build.0 = Debug|x86
		{62FDEFA0-311E-4150-8A46-F53DAA9A7DDC}.Debug|x86.Deploy.0 = Debug|x86
		{62FDEFA0-311E-4150-8A46-F53DAA9A7DDC}.Release|ARM.ActiveCfg = Release|ARM
		{62FDEFA0-311E-4150-8A46-F53DAA9A7DDC}.Release|ARM.Build.0 = Release|ARM
		{62FDEFA0-311E-4150-8A46-F53DAA9A7DDC}.Release|ARM.Deploy.0 = Release|ARM
		{62FDEFA0-311E-4150-8A46-F53DAA9A7DDC}.Release|ARM64.ActiveCfg = Release|ARM64
		{62FDEFA0-311E-4150-8A46-F53DAA9A7DDC}.Release|ARM64.Build.0 = Release|ARM64
		{62FDEFA0-311E-4150-8A46-F53DAA9A7DDC}.Release|ARM64.Deploy.0 = Release|ARM64
		{62FDEFA0-311E-4150-8A46-F53DAA9A7DDC}.Release|x64.ActiveCfg = Release|x64
		{62FDEFA0-311E-4150-8A46-F53DAA9A7DDC}.Release|x64.Build.0 = Release|x64
		{62FDEFA0-311E-4150-8A46-F53DAA9A7DDC}.Release|x64.Deploy.0 = Release|x64
		{62FDEFA0-311E-4150-8A46-F53DAA9A7DDC}.Release|x86.ActiveCfg = Release|x86
		{62FDEFA0-311E-4150-8A46-F53DAA9A7DDC}.Release|x86.Build.0 = Release|x86
		{62FDEFA0-311E-4150-8A46-F53DAA9A7DDC}.Release|x86.Deploy.0 = Release|x86
		{813B9655-D228-4BEF-A2C8-D9CA2436A8B6}.Debug|ARM.ActiveCfg = Debug|ARM
		{813B9655-D228-4BEF-A2C8-D9CA2436A8B6}.Debug|ARM.Build.0 = Debug|ARM
		{813B9655-D228-4BEF-A2C8-D9CA2436A8B6}.Debug|ARM.Deploy.0 = Debug|ARM
		{813B9655-D228-4BEF-A2C8-D9CA2436A8B6}.Debug|ARM64.ActiveCfg = Debug|ARM64
		{813B9655-D228-4BEF-A2C8-D9CA2436A8B6}.Debug|ARM64.Build.0 = Debug|ARM64
		{813B9655-D228-4BEF-A2C8-D9CA2436A8B6}.Debug|ARM64.Deploy.0 = Debug|ARM64
		{813B9655-D228-4BEF-A2C8-D9CA2436A8B6}.Debug|x64.ActiveCfg = Debug|x64
		{813B9655-D228-4BEF-A2C8-D9CA2436A8B6}.Debug|x64.Build.0 = Debug|x64
		{813B9655-D228-4BEF-A2C8-D9CA2436A8B6}.Debug|x64.Deploy.0 = Debug|x64
		{813B9655-D228-4BEF-A2C8-D9CA2436A8B6}.Debug|x86.ActiveCfg = Debug|x86
		{813B9655-D228-4BEF-A2C8-D9CA2436A8B6}.Debug|x86.Build.0 = Debug|x86
		{813B9655-D228-4BEF-A2C8-D9CA2436A8B6}.Debug|x86.Deploy.0 = Debug|x86
		{813B9655-D228-4BEF-A2C8-D9CA2436A8B6}.Release|ARM.ActiveCfg = Release|ARM
		{813B9655-D228-4BEF-A2C8-D9CA2436A8B6}.Release|ARM.Build.0 = Release|ARM
		{813B9655-D228-4BEF-A2C8-D9CA2436A8B6}.Release|ARM.Deploy.0 = Release|ARM
		{813B9655-D228-4BEF-A2C8-D9CA2436A8B6}.Release|ARM64.ActiveCfg = Release|ARM64
		{813B9655-D228-4BEF-A2C8-D9CA2436A8B6}.Release|ARM64.Build.0 = Release|ARM64
		{813B9655-D228-4BEF-A2C8-D9CA2436A8B6}.Release|ARM64.Deploy.0 = Release|ARM64
		{813B9655-D228-4BEF-A2C8-D9CA2436A8B6}.Release|x64.ActiveCfg = Release|x64
		{813B9655-D228-4BEF-A2C8-D9CA2436A8B6}.Release|x64.Build.0 = Release|x64
		{813B9655-D228-4BEF-A2C8-D9CA2436A8B6}.Release|x64.Deploy.0 = Release|x64
		{813B9655-D228-4BEF-A2C8-D9CA2436A8B6}.Release|x86.ActiveCfg = Release|x86
		{813B9655-D228-4BEF-A2C8-D9CA2436A8B6}.Release|x86.Build.0 = Release|x86
		{813B9655-D228-4BEF-A2C8-D9CA2436A8B6}.Release|x86.Deploy.0 = Release|x86
		{F381B7C2-9B36-4D79-A41E-415074DF1777}.Debug|ARM.ActiveCfg = Debug|ARM
		{F381B7C2-9B36-4D79-A41E-415074DF1777}.Debug|ARM.Build.0 = Debug|ARM
		{F381B7C2-9B36-4D79-A41E-415074DF1777}.Debug|ARM.Deploy.0 = Debug|ARM
		{F381B7C2-9B36-4D79-A41E-415074DF1777}.Debug|ARM64.ActiveCfg = Debug|ARM64
		{F381B7C2-9B36-4D79-A41E-415074DF1777}.Debug|ARM64.Build.0 = Debug|ARM64
		{F381B7C2-9B36-4D79-A41E-415074DF1777}.Debug|ARM64.Deploy.0 = Debug|ARM64
		{F381B7C2-9B36-4D79-A41E-415074DF1777}.Debug|x64.ActiveCfg = Debug|x64
		{F381B7C2-9B36-4D79-A41E-415074DF1777}.Debug|x64.Build.0 = Debug|x64
		{F381B7C2-9B36-4D79-A41E-415074DF1777}.Debug|x64.Deploy.0 = Debug|x64
		{F381B7C2-9B36-4D79-A41E-415074DF1777}.Debug|x86.ActiveCfg = Debug|x86
		{F381B7C2-9B36-4D79-A41E-415074DF1777}.Debug|x86.Build.0 = Debug|x86
		{F381B7C2-9B36-4D79-A41E-415074DF1777}.Debug|x86.Deploy.0 = Debug|x86
		{F381B7C2-9B36-4D79-A41E-415074DF1777}.Release|ARM.ActiveCfg = Release|ARM
		{F381B7C2-9B36-4D79-A41E-415074DF1777}.Release|ARM.Build.0 = Release|ARM
		{F381B7C2-9B36-4D79-A41E-415074DF1777}.Release|ARM.Deploy.0 = Release|ARM
		{F381B7C2-9B36-4D79-A41E-415074DF1777}.Release|ARM64.ActiveCfg = Release|ARM64
		{F381B7C2-9B36-4D79-A41E-415074DF1777}.Release|ARM64.Build.0 = Release|ARM64
		{F381B7C2-9B36-4D79-A41E-415074DF1777}.Release|ARM64.Deploy.0 = Release|ARM64
		{F381B7C2-9B36-4D79-A41E-415074DF1777}.Release|x64.ActiveCfg = Release|x64
		{F381B7C2-9B36-4D79-A41E-415074DF1777}.Release|x64.Build.0 = Release|x64
		{F381B7C2-9B36-4D79-A41E-415074DF1777}.Release|x64.Deploy.0 = Release|x64
		{F381B7C2-9B36-4D79-A41E-415074DF1777}.Release|x86.ActiveCfg = Release|x86
		{F381B7C2-9B36-4D79-A41E-415074DF1777}.Release|x86.Build.0 = Release|x86
		{F381B7C2-9B36-4D79-A41E-415074DF1777}.Release|x86.Deploy.0 = Release|x86
		{E9202129-1E26-4A2B-9359-F83BAE02E911}.Debug|ARM.ActiveCfg = Debug|ARM
		{E9202129-1E26-4A2B-9359-F83BAE02E911}.Debug|ARM.Build.0 = Debug|ARM
		{E9202129-1E26-4A2B-9359-F83BAE02E911}.Debug|ARM.Deploy.0 = Debug|ARM
		{E9202129-1E26-4A2B-9359-F83BAE02E911}.Debug|ARM64.ActiveCfg = Debug|ARM64
		{E9202129-1E26-4A2B-9359-F83BAE02E911}.Debug|ARM64.Build.0 = Debug|ARM64
		{E9202129-1E26-4A2B-9359-F83BAE02E911}.Debug|ARM64.Deploy.0 = Debug|ARM64
		{E9202129-1E26-4A2B-9359-F83BAE02E911}.Debug|x64.ActiveCfg = Debug|x64
		{E9202129-1E26-4A2B-9359-F83BAE02E911}.Debug|x64.Build.0 = Debug|x64
		{E9202129-1E26-4A2B-9359-F83BAE02E911}.Debug|x64.Deploy.0 = Debug|x64
		{E9202129-1E26-4A2B-9359-F83BAE02E911}.Debug|x86.ActiveCfg = Debug|x86
		{E9202129-1E26-4A2B-9359-F83BAE02E911}.Debug|x86.Build.0 = Debug|x86
		{E9202129-1E26-4A2B-9359-F83BAE02E911}.Debug|x86.Deploy.0 = Debug|x86
		{E9202129-1E26-4A2B-9359-F83BAE02E911}.Release|ARM.ActiveCfg = Release|ARM
		{E9202129-1E26-4A2B-9359-F83BAE02E911}.Release|ARM.Build.0 = Release|ARM
		{E9202129-1E26-4A2B-9359-F83BAE02E911}.Release|ARM.Deploy.0 = Release|ARM
		{E9202129-1E26-4A2B-9359-F83BAE02E911}.Release|ARM64.ActiveCfg = Release|ARM64
		{E9202129-1E26-4A2B-9359-F83BAE02E911}.Release|ARM64.Build.0 = Release|ARM64
		{E9202129-1E26-4A2B-9359-F83BAE02E911}.Release|ARM64.Deploy.0 = Release|ARM64
		{E9202129-1E26-4A2B-9359-F83BAE02E911}.Release|x64.ActiveCfg = Release|x64
		{E9202129-1E26-4A2B-9359-F83BAE02E911}.Release|x64.Build.0 = Release|x64
		{E9202129-1E26-4A2B-9359-F83BAE02E911}.Release|x64.Deploy.0 = Release|x64
		{E9202129-1E26-4A2B-9359-F83BAE02E911}.Release|x86.ActiveCfg = Release|x86
		{E9202129-1E26-4A2B-9359-F83BAE02E911}.Release|x86.Build.0 = Release|x86
		{E9202129-1E26-4A2B-9359-F83BAE02E911}.Release|x86.Deploy.0 = Release|x86
		{A65BB143-9F74-47DA-9C52-C9DCF8B417E4}.Debug|ARM.ActiveCfg = Debug|ARM
		{A65BB143-9F74-47DA-9C52-C9DCF8B417E4}.Debug|ARM.Build.0 = Debug|ARM
		{A65BB143-9F74-47DA-9C52-C9DCF8B417E4}.Debug|ARM.Deploy.0 = Debug|ARM
		{A65BB143-9F74-47DA-9C52-C9DCF8B417E4}.Debug|ARM64.ActiveCfg = Debug|ARM64
		{A65BB143-9F74-47DA-9C52-C9DCF8B417E4}.Debug|ARM64.Build.0 = Debug|ARM64
		{A65BB143-9F74-47DA-9C52-C9DCF8B417E4}.Debug|ARM64.Deploy.0 = Debug|ARM64
		{A65BB143-9F74-47DA-9C52-C9DCF8B417E4}.Debug|x64.ActiveCfg = Debug|x64
		{A65BB143-9F74-47DA-9C52-C9DCF8B417E4}.Debug|x64.Build.0 = Debug|x64
		{A65BB143-9F74-47DA-9C52-C9DCF8B417E4}.Debug|x64.Deploy.0 = Debug|x64
		{A65BB143-9F74-47DA-9C52-C9DCF8B417E4}.Debug|x86.ActiveCfg = Debug|x86
		{A65BB143-9F74-47DA-9C52-C9DCF8B417E4}.Debug|x86.Build.0 = Debug|x86
		{A65BB143-9F74-47DA-9C52-C9DCF8B417E4}.Debug|x86.Deploy.0 = Debug|x86
		{A65BB143-9F74-47DA-9C52-C9DCF8B417E4}.Release|ARM.ActiveCfg = Release|ARM
		{A65BB143-9F74-47DA-9C52-C9DCF8B417E4}.Release|ARM.Build.0 = Release|ARM
		{A65BB143-9F74-47DA-9C52-C9DCF8B417E4}.Release|ARM.Deploy.0 = Release|ARM
		{A65BB143-9F74-47DA-9C52-C9DCF8B417E4}.Release|ARM64.ActiveCfg = Release|ARM64
		{A65BB143-9F74-47DA-9C52-C9DCF8B417E4}.Release|ARM64.Build.0 = Release|ARM64
		{A65BB143-9F74-47DA-9C52-C9DCF8B417E4}.Release|ARM64.Deploy.0 = Release|ARM64
		{A65BB143-9F74-47DA-9C52-C9DCF8B417E4}.Release|x64.ActiveCfg = Release|x64
		{A65BB143-9F74-47DA-9C52-C9DCF8B417E4}.Release|x64.Build.0 = Release|x64
		{A65BB143-9F74-47DA-9C52-C9DCF8B417E4}.Release|x64.Deploy.0 = Release|x64
		{A65BB143-9F74-47DA-9C52-C9DCF8B417E4}.Release|x86.ActiveCfg = Release|x86
		{A65BB143-9F74-47DA-9C52-C9DCF8B417E4}.Release|x86.Build.0 = Release|x86
		{A65BB143-9F74-47DA-9C52-C9DCF8B417E4}.Release|x86.Deploy.0 = Release|x86
		{1331A9E0-8801-49C9-A517-175A567FD172}.Debug|ARM.ActiveCfg = Debug|ARM
		{1331A9E0-8801-49C9-A517-175A567FD172}.Debug|ARM.Build.0 = Debug|ARM
		{1331A9E0-8801-49C9-A517-175A567FD172}.Debug|ARM.Deploy.0 = Debug|ARM
		{1331A9E0-8801-49C9-A517-175A567FD172}.Debug|ARM64.ActiveCfg = Debug|ARM64
		{1331A9E0-8801-49C9-A517-175A567FD172}.Debug|ARM64.Build.0 = Debug|ARM64
		{1331A9E0-8801-49C9-A517-175A567FD172}.Debug|ARM64.Deploy.0 = Debug|ARM64
		{1331A9E0-8801-49C9-A517-175A567FD172}.Debug|x64.ActiveCfg = Debug|x64
		{1331A9E0-8801-49C9-A517-175A567FD172}.Debug|x64.Build.0 = Debug|x64
		{1331A9E0-8801-49C9-A517-175A567FD172}.Debug|x64.Deploy.0 = Debug|x64
		{1331A9E0-8801-49C9-A517-175A567FD172}.Debug|x86.ActiveCfg = Debug|x86
		{1331A9E0-8801-49C9-A517-175A567FD172}.Debug|x86.Build.0 = Debug|x86
		{1331A9E0-8801-49C9-A517-175A567FD172}.Debug|x86.Deploy.0 = Debug|x86
		{1331A9E0-8801-49C9-A517-175A567FD172}.Release|ARM.ActiveCfg = Release|ARM
		{1331A9E0-8801-49C9-A517-175A567FD172}.Release|ARM.Build.0 = Release|ARM
		{1331A9E0-8801-49C9-A517-175A567FD172}.Release|ARM.Deploy.0 = Release|ARM
		{1331A9E0-8801-49C9-A517-175A567FD172}.Release|ARM64.ActiveCfg = Release|ARM64
		{1331A9E0-8801-49C9-A517-175A567FD172}.Release|ARM64.Build.0 = Release|ARM64
		{1331A9E0-8801-49C9-A517-175A567FD172}.Release|ARM64.Deploy.0 = Release|ARM64
		{1331A9E0-8801-49C9-A517-175A567FD172}.Release|x64.ActiveCfg = Release|x64
		{1331A9E0-8801-49C9-A517-175A567FD172}.Release|x64.Build.0 = Release|x64
		{1331A9E0-8801-49C9-A517-175A567FD172}.Release|x64.Deploy.0 = Release|x64
		{1331A9E0-8801-49C9-A517-175A567FD172}.Release|x86.ActiveCfg = Release|x86
		{1331A9E0-8801-49C9-A517-175A567FD172}.Release|x86.Build.0 = Release|x86
		{1331A9E0-8801-49C9-A517-175A567FD172}.Release|x86.Deploy.0 = Release|x86
	EndGlobalSection
	GlobalSection(SolutionProperties) = preSolution
		HideSolutionNode = FALSE
	EndGlobalSection
	GlobalSection(ExtensibilityGlobals) = postSolution
		SolutionGuid = {4A8FAFD9-62A2-451D-A045-3F9A1562D68C}
	EndGlobalSection
EndGlobal
