
Microsoft Visual Studio Solution File, Format Version 12.00
# Visual Studio Version 16
VisualStudioVersion = 16.0.31624.102
MinimumVisualStudioVersion = 10.0.40219.1
Project("{8BC9CEB8-8B4A-11D0-8D11-00A0C91BC942}") = "prueba1", "prueba1.vcxproj", "{BE4016D1-C540-4D4C-8EA1-E184D33A5CBD}"
EndProject
Global
	GlobalSection(SolutionConfigurationPlatforms) = preSolution
		Debug|x64 = Debug|x64
		Debug|x86 = Debug|x86
		Release|x64 = Release|x64
		Release|x86 = Release|x86
	EndGlobalSection
	GlobalSection(ProjectConfigurationPlatforms) = postSolution
		{BE4016D1-C540-4D4C-8EA1-E184D33A5CBD}.Debug|x64.ActiveCfg = Debug|x64
		{BE4016D1-C540-4D4C-8EA1-E184D33A5CBD}.Debug|x64.Build.0 = Debug|x64
		{BE4016D1-C540-4D4C-8EA1-E184D33A5CBD}.Debug|x86.ActiveCfg = Debug|Win32
		{BE4016D1-C540-4D4C-8EA1-E184D33A5CBD}.Debug|x86.Build.0 = Debug|Win32
		{BE4016D1-C540-4D4C-8EA1-E184D33A5CBD}.Release|x64.ActiveCfg = Release|x64
		{BE4016D1-C540-4D4C-8EA1-E184D33A5CBD}.Release|x64.Build.0 = Release|x64
		{BE4016D1-C540-4D4C-8EA1-E184D33A5CBD}.Release|x86.ActiveCfg = Release|Win32
		{BE4016D1-C540-4D4C-8EA1-E184D33A5CBD}.Release|x86.Build.0 = Release|Win32
	EndGlobalSection
	GlobalSection(SolutionProperties) = preSolution
		HideSolutionNode = FALSE
	EndGlobalSection
	GlobalSection(ExtensibilityGlobals) = postSolution
		SolutionGuid = {AC33F819-2637-4C8D-803A-4B211E770233}
	EndGlobalSection
EndGlobal
