
Microsoft Visual Studio Solution File, Format Version 12.00
# Visual Studio Version 16
VisualStudioVersion = 16.0.31402.337
MinimumVisualStudioVersion = 10.0.40219.1
Project("{8BC9CEB8-8B4A-11D0-8D11-00A0C91BC942}") = "Test1", "Test1.vcxproj", "{4554F9DE-3015-4D5A-977F-A4F8E9C7113A}"
EndProject
Global
	GlobalSection(SolutionConfigurationPlatforms) = preSolution
		Debug|x64 = Debug|x64
		Debug|x86 = Debug|x86
		Release|x64 = Release|x64
		Release|x86 = Release|x86
	EndGlobalSection
	GlobalSection(ProjectConfigurationPlatforms) = postSolution
		{4554F9DE-3015-4D5A-977F-A4F8E9C7113A}.Debug|x64.ActiveCfg = Debug|x64
		{4554F9DE-3015-4D5A-977F-A4F8E9C7113A}.Debug|x64.Build.0 = Debug|x64
		{4554F9DE-3015-4D5A-977F-A4F8E9C7113A}.Debug|x86.ActiveCfg = Debug|Win32
		{4554F9DE-3015-4D5A-977F-A4F8E9C7113A}.Debug|x86.Build.0 = Debug|Win32
		{4554F9DE-3015-4D5A-977F-A4F8E9C7113A}.Release|x64.ActiveCfg = Release|x64
		{4554F9DE-3015-4D5A-977F-A4F8E9C7113A}.Release|x64.Build.0 = Release|x64
		{4554F9DE-3015-4D5A-977F-A4F8E9C7113A}.Release|x86.ActiveCfg = Release|Win32
		{4554F9DE-3015-4D5A-977F-A4F8E9C7113A}.Release|x86.Build.0 = Release|Win32
	EndGlobalSection
	GlobalSection(SolutionProperties) = preSolution
		HideSolutionNode = FALSE
	EndGlobalSection
	GlobalSection(ExtensibilityGlobals) = postSolution
		SolutionGuid = {D7FBA32D-BFCA-4EE9-8B3C-7BF8A444E5CB}
	EndGlobalSection
EndGlobal
